// !$*UTF8*$!
{
	archiveVersion = 1;
	classes = {
	};
	objectVersion = 55;
	objects = {

/* Begin PBXBuildFile section */
		A0566EAA2804FD2900C62E4C /* GoogleService-Info.plist in Resources */ = {isa = PBXBuildFile; fileRef = A0566EA92804FD2900C62E4C /* GoogleService-Info.plist */; };
		A073FD872822386200235529 /* ContentView.swift in Sources */ = {isa = PBXBuildFile; fileRef = A086C08727D9B15100F06AAA /* ContentView.swift */; };
		A073FD882822386200235529 /* responcesData.json in Sources */ = {isa = PBXBuildFile; fileRef = A073FD8328221DE600235529 /* responcesData.json */; };
		A073FD892822386200235529 /* contac_Jeein.swift in Sources */ = {isa = PBXBuildFile; fileRef = A063B92127ED14E0002DB528 /* contac_Jeein.swift */; };
		A073FD8A2822386200235529 /* views_Jeein.swift in Sources */ = {isa = PBXBuildFile; fileRef = A063B92327ED1502002DB528 /* views_Jeein.swift */; };
		A073FD8B2822386200235529 /* DateSmarterApp.swift in Sources */ = {isa = PBXBuildFile; fileRef = A086C08527D9B15100F06AAA /* DateSmarterApp.swift */; };
		A073FD8C2822386200235529 /* viewModifiers.swift in Sources */ = {isa = PBXBuildFile; fileRef = A09EDB8927E832370037F6AC /* viewModifiers.swift */; };
		A073FD8D2822386200235529 /* nicksView.swift in Sources */ = {isa = PBXBuildFile; fileRef = A09EDB8D27E833030037F6AC /* nicksView.swift */; };
		A073FD8E2822386200235529 /* newGridView.swift in Sources */ = {isa = PBXBuildFile; fileRef = A0437EE9281F8AE3009FE463 /* newGridView.swift */; };
		A073FD8F2822386200235529 /* contactSelection.swift in Sources */ = {isa = PBXBuildFile; fileRef = A079586227FE867D00337920 /* contactSelection.swift */; };
		A073FD902822386200235529 /* MessengerView.swift in Sources */ = {isa = PBXBuildFile; fileRef = A03BF3EF281CCEE3004D6F58 /* MessengerView.swift */; };
		A073FD922822386200235529 /* authenticationView.swift in Sources */ = {isa = PBXBuildFile; fileRef = A011C19E2804F45A00950000 /* authenticationView.swift */; };
		A073FD932822386200235529 /* loggingIn.swift in Sources */ = {isa = PBXBuildFile; fileRef = A09EDB8127E8311F0037F6AC /* loggingIn.swift */; };
		A073FD942822386200235529 /* popInNotification.swift in Sources */ = {isa = PBXBuildFile; fileRef = A09EDB8F27E833C10037F6AC /* popInNotification.swift */; };
		A073FD952822386200235529 /* authentication.swift in Sources */ = {isa = PBXBuildFile; fileRef = A079585E27FE6E4200337920 /* authentication.swift */; };
		A073FD962822386200235529 /* minhsEduText.swift in Sources */ = {isa = PBXBuildFile; fileRef = 7AF1A41C27ED1187003710F0 /* minhsEduText.swift */; };
		A073FD972822386200235529 /* minhsModifiers.swift in Sources */ = {isa = PBXBuildFile; fileRef = 7AF1A41D27ED1187003710F0 /* minhsModifiers.swift */; };
		A073FD982822386200235529 /* minhsView.swift in Sources */ = {isa = PBXBuildFile; fileRef = 7AF1A41E27ED1187003710F0 /* minhsView.swift */; };
		A086C08A27D9B15300F06AAA /* Assets.xcassets in Resources */ = {isa = PBXBuildFile; fileRef = A086C08927D9B15300F06AAA /* Assets.xcassets */; };
		A086C08D27D9B15300F06AAA /* Preview Assets.xcassets in Resources */ = {isa = PBXBuildFile; fileRef = A086C08C27D9B15300F06AAA /* Preview Assets.xcassets */; };
		A086C09727D9B15300F06AAA /* DateSmarterTests.swift in Sources */ = {isa = PBXBuildFile; fileRef = A086C09627D9B15300F06AAA /* DateSmarterTests.swift */; };
		A086C0A127D9B15300F06AAA /* DateSmarterUITests.swift in Sources */ = {isa = PBXBuildFile; fileRef = A086C0A027D9B15300F06AAA /* DateSmarterUITests.swift */; };
		A086C0A327D9B15300F06AAA /* DateSmarterUITestsLaunchTests.swift in Sources */ = {isa = PBXBuildFile; fileRef = A086C0A227D9B15300F06AAA /* DateSmarterUITestsLaunchTests.swift */; };
		A0B711D3282A062D004A732A /* minhsEduTextModifiers.swift in Sources */ = {isa = PBXBuildFile; fileRef = A0B711D2282A062C004A732A /* minhsEduTextModifiers.swift */; };
		A333B97A27DAA47300F22875 /* LocationTracking.swift in Sources */ = {isa = PBXBuildFile; fileRef = A333B97927DAA47300F22875 /* LocationTracking.swift */; };
		A333B97C27DAA7FF00F22875 /* LocationTrackingUnitTests.swift in Sources */ = {isa = PBXBuildFile; fileRef = A333B97B27DAA7FF00F22875 /* LocationTrackingUnitTests.swift */; };
		EBB348AD1DFD7248278F1C7F /* Pods_DateSmarter.framework in Frameworks */ = {isa = PBXBuildFile; fileRef = 062F9D59CD409A06A576F07E /* Pods_DateSmarter.framework */; };
/* End PBXBuildFile section */

/* Begin PBXContainerItemProxy section */
		A086C09327D9B15300F06AAA /* PBXContainerItemProxy */ = {
			isa = PBXContainerItemProxy;
			containerPortal = A086C07A27D9B15100F06AAA /* Project object */;
			proxyType = 1;
			remoteGlobalIDString = A086C08127D9B15100F06AAA;
			remoteInfo = DateSmarter;
		};
		A086C09D27D9B15300F06AAA /* PBXContainerItemProxy */ = {
			isa = PBXContainerItemProxy;
			containerPortal = A086C07A27D9B15100F06AAA /* Project object */;
			proxyType = 1;
			remoteGlobalIDString = A086C08127D9B15100F06AAA;
			remoteInfo = DateSmarter;
		};
/* End PBXContainerItemProxy section */

/* Begin PBXFileReference section */
		062F9D59CD409A06A576F07E /* Pods_DateSmarter.framework */ = {isa = PBXFileReference; explicitFileType = wrapper.framework; includeInIndex = 0; path = Pods_DateSmarter.framework; sourceTree = BUILT_PRODUCTS_DIR; };
		2637D95DA0E7262F4F607085 /* Pods-DateSmarter.debug.xcconfig */ = {isa = PBXFileReference; includeInIndex = 1; lastKnownFileType = text.xcconfig; name = "Pods-DateSmarter.debug.xcconfig"; path = "Target Support Files/Pods-DateSmarter/Pods-DateSmarter.debug.xcconfig"; sourceTree = "<group>"; };
		7AF1A41C27ED1187003710F0 /* minhsEduText.swift */ = {isa = PBXFileReference; fileEncoding = 4; lastKnownFileType = sourcecode.swift; path = minhsEduText.swift; sourceTree = "<group>"; };
		7AF1A41D27ED1187003710F0 /* minhsModifiers.swift */ = {isa = PBXFileReference; fileEncoding = 4; lastKnownFileType = sourcecode.swift; path = minhsModifiers.swift; sourceTree = "<group>"; };
		7AF1A41E27ED1187003710F0 /* minhsView.swift */ = {isa = PBXFileReference; fileEncoding = 4; lastKnownFileType = sourcecode.swift; path = minhsView.swift; sourceTree = "<group>"; };
		A011C19E2804F45A00950000 /* authenticationView.swift */ = {isa = PBXFileReference; lastKnownFileType = sourcecode.swift; path = authenticationView.swift; sourceTree = "<group>"; };
		A03BF3EF281CCEE3004D6F58 /* MessengerView.swift */ = {isa = PBXFileReference; lastKnownFileType = sourcecode.swift; path = MessengerView.swift; sourceTree = "<group>"; };
		A0437EE9281F8AE3009FE463 /* newGridView.swift */ = {isa = PBXFileReference; lastKnownFileType = sourcecode.swift; path = newGridView.swift; sourceTree = "<group>"; };
		A0566EA92804FD2900C62E4C /* GoogleService-Info.plist */ = {isa = PBXFileReference; fileEncoding = 4; lastKnownFileType = text.plist.xml; path = "GoogleService-Info.plist"; sourceTree = "<group>"; };
		A063B92127ED14E0002DB528 /* contac_Jeein.swift */ = {isa = PBXFileReference; lastKnownFileType = sourcecode.swift; path = contac_Jeein.swift; sourceTree = "<group>"; };
		A063B92327ED1502002DB528 /* views_Jeein.swift */ = {isa = PBXFileReference; lastKnownFileType = sourcecode.swift; path = views_Jeein.swift; sourceTree = "<group>"; };
		A073FD8328221DE600235529 /* responcesData.json */ = {isa = PBXFileReference; lastKnownFileType = text.json; path = responcesData.json; sourceTree = "<group>"; };
		A079585E27FE6E4200337920 /* authentication.swift */ = {isa = PBXFileReference; lastKnownFileType = sourcecode.swift; path = authentication.swift; sourceTree = "<group>"; };
		A079586227FE867D00337920 /* contactSelection.swift */ = {isa = PBXFileReference; lastKnownFileType = sourcecode.swift; path = contactSelection.swift; sourceTree = "<group>"; };
		A086C08227D9B15100F06AAA /* DateSmarter.app */ = {isa = PBXFileReference; explicitFileType = wrapper.application; includeInIndex = 0; path = DateSmarter.app; sourceTree = BUILT_PRODUCTS_DIR; };
		A086C08527D9B15100F06AAA /* DateSmarterApp.swift */ = {isa = PBXFileReference; lastKnownFileType = sourcecode.swift; path = DateSmarterApp.swift; sourceTree = "<group>"; };
		A086C08727D9B15100F06AAA /* ContentView.swift */ = {isa = PBXFileReference; lastKnownFileType = sourcecode.swift; path = ContentView.swift; sourceTree = "<group>"; };
		A086C08927D9B15300F06AAA /* Assets.xcassets */ = {isa = PBXFileReference; lastKnownFileType = folder.assetcatalog; path = Assets.xcassets; sourceTree = "<group>"; };
		A086C08C27D9B15300F06AAA /* Preview Assets.xcassets */ = {isa = PBXFileReference; lastKnownFileType = folder.assetcatalog; path = "Preview Assets.xcassets"; sourceTree = "<group>"; };
		A086C09227D9B15300F06AAA /* DateSmarterTests.xctest */ = {isa = PBXFileReference; explicitFileType = wrapper.cfbundle; includeInIndex = 0; path = DateSmarterTests.xctest; sourceTree = BUILT_PRODUCTS_DIR; };
		A086C09627D9B15300F06AAA /* DateSmarterTests.swift */ = {isa = PBXFileReference; lastKnownFileType = sourcecode.swift; path = DateSmarterTests.swift; sourceTree = "<group>"; };
		A086C09C27D9B15300F06AAA /* DateSmarterUITests.xctest */ = {isa = PBXFileReference; explicitFileType = wrapper.cfbundle; includeInIndex = 0; path = DateSmarterUITests.xctest; sourceTree = BUILT_PRODUCTS_DIR; };
		A086C0A027D9B15300F06AAA /* DateSmarterUITests.swift */ = {isa = PBXFileReference; lastKnownFileType = sourcecode.swift; path = DateSmarterUITests.swift; sourceTree = "<group>"; };
		A086C0A227D9B15300F06AAA /* DateSmarterUITestsLaunchTests.swift */ = {isa = PBXFileReference; lastKnownFileType = sourcecode.swift; path = DateSmarterUITestsLaunchTests.swift; sourceTree = "<group>"; };
		A09EDB8127E8311F0037F6AC /* loggingIn.swift */ = {isa = PBXFileReference; lastKnownFileType = sourcecode.swift; path = loggingIn.swift; sourceTree = "<group>"; };
		A09EDB8927E832370037F6AC /* viewModifiers.swift */ = {isa = PBXFileReference; lastKnownFileType = sourcecode.swift; path = viewModifiers.swift; sourceTree = "<group>"; };
		A09EDB8D27E833030037F6AC /* nicksView.swift */ = {isa = PBXFileReference; lastKnownFileType = sourcecode.swift; path = nicksView.swift; sourceTree = "<group>"; };
		A09EDB8F27E833C10037F6AC /* popInNotification.swift */ = {isa = PBXFileReference; lastKnownFileType = sourcecode.swift; path = popInNotification.swift; sourceTree = "<group>"; };
		A0A12E6F28246DD30044999F /* Info.plist */ = {isa = PBXFileReference; lastKnownFileType = text.plist; path = Info.plist; sourceTree = "<group>"; };
		A0B711D2282A062C004A732A /* minhsEduTextModifiers.swift */ = {isa = PBXFileReference; lastKnownFileType = sourcecode.swift; path = minhsEduTextModifiers.swift; sourceTree = "<group>"; };
		A333B97927DAA47300F22875 /* LocationTracking.swift */ = {isa = PBXFileReference; lastKnownFileType = sourcecode.swift; path = LocationTracking.swift; sourceTree = "<group>"; };
		A333B97B27DAA7FF00F22875 /* LocationTrackingUnitTests.swift */ = {isa = PBXFileReference; lastKnownFileType = sourcecode.swift; path = LocationTrackingUnitTests.swift; sourceTree = "<group>"; };
		E97FFA28EBD4020E91711011 /* Pods-DateSmarter.release.xcconfig */ = {isa = PBXFileReference; includeInIndex = 1; lastKnownFileType = text.xcconfig; name = "Pods-DateSmarter.release.xcconfig"; path = "Target Support Files/Pods-DateSmarter/Pods-DateSmarter.release.xcconfig"; sourceTree = "<group>"; };
/* End PBXFileReference section */

/* Begin PBXFrameworksBuildPhase section */
		A086C07F27D9B15100F06AAA /* Frameworks */ = {
			isa = PBXFrameworksBuildPhase;
			buildActionMask = 2147483647;
			files = (
				EBB348AD1DFD7248278F1C7F /* Pods_DateSmarter.framework in Frameworks */,
			);
			runOnlyForDeploymentPostprocessing = 0;
		};
		A086C08F27D9B15300F06AAA /* Frameworks */ = {
			isa = PBXFrameworksBuildPhase;
			buildActionMask = 2147483647;
			files = (
			);
			runOnlyForDeploymentPostprocessing = 0;
		};
		A086C09927D9B15300F06AAA /* Frameworks */ = {
			isa = PBXFrameworksBuildPhase;
			buildActionMask = 2147483647;
			files = (
			);
			runOnlyForDeploymentPostprocessing = 0;
		};
/* End PBXFrameworksBuildPhase section */

/* Begin PBXGroup section */
		09D2E07B774C7D6855AC8A58 /* Pods */ = {
			isa = PBXGroup;
			children = (
				2637D95DA0E7262F4F607085 /* Pods-DateSmarter.debug.xcconfig */,
				E97FFA28EBD4020E91711011 /* Pods-DateSmarter.release.xcconfig */,
			);
			path = Pods;
			sourceTree = "<group>";
		};
		7AF1A41B27ED0D5C003710F0 /* classes_views_Minh */ = {
			isa = PBXGroup;
			children = (
				7AF1A41C27ED1187003710F0 /* minhsEduText.swift */,
				7AF1A41D27ED1187003710F0 /* minhsModifiers.swift */,
				7AF1A41E27ED1187003710F0 /* minhsView.swift */,
				A0B711D2282A062C004A732A /* minhsEduTextModifiers.swift */,
			);
			path = classes_views_Minh;
			sourceTree = "<group>";
		};
		A063B91A27ED131F002DB528 /* Recovered References */ = {
			isa = PBXGroup;
			children = (
			);
			name = "Recovered References";
			sourceTree = "<group>";
		};
		A063B92027ED14C9002DB528 /* view_Jeein1 */ = {
			isa = PBXGroup;
			children = (
				A063B92127ED14E0002DB528 /* contac_Jeein.swift */,
				A063B92327ED1502002DB528 /* views_Jeein.swift */,
			);
			path = view_Jeein1;
			sourceTree = "<group>";
		};
		A086C07927D9B15100F06AAA = {
			isa = PBXGroup;
			children = (
				A086C08427D9B15100F06AAA /* DateSmarter */,
				A086C09527D9B15300F06AAA /* DateSmarterTests */,
				A086C09F27D9B15300F06AAA /* DateSmarterUITests */,
				A086C08327D9B15100F06AAA /* Products */,
				A063B91A27ED131F002DB528 /* Recovered References */,
				09D2E07B774C7D6855AC8A58 /* Pods */,
				CADBE3E0C87ACDC245A2852E /* Frameworks */,
			);
			sourceTree = "<group>";
		};
		A086C08327D9B15100F06AAA /* Products */ = {
			isa = PBXGroup;
			children = (
				A086C08227D9B15100F06AAA /* DateSmarter.app */,
				A086C09227D9B15300F06AAA /* DateSmarterTests.xctest */,
				A086C09C27D9B15300F06AAA /* DateSmarterUITests.xctest */,
			);
			name = Products;
			sourceTree = "<group>";
		};
		A086C08427D9B15100F06AAA /* DateSmarter */ = {
			isa = PBXGroup;
			children = (
				A0A12E6F28246DD30044999F /* Info.plist */,
				A0566EA92804FD2900C62E4C /* GoogleService-Info.plist */,
				A086C08727D9B15100F06AAA /* ContentView.swift */,
				A073FD8328221DE600235529 /* responcesData.json */,
				A086C08527D9B15100F06AAA /* DateSmarterApp.swift */,
				A063B92027ED14C9002DB528 /* view_Jeein1 */,
				A09EDB8827E832170037F6AC /* View Modifiers */,
				A09EDB8527E8318F0037F6AC /* views_Nick */,
				A09EDB8327E8315C0037F6AC /* classes_Nick */,
				7AF1A41B27ED0D5C003710F0 /* classes_views_Minh */,
				A086C08927D9B15300F06AAA /* Assets.xcassets */,
				A086C08B27D9B15300F06AAA /* Preview Content */,
				A333B97927DAA47300F22875 /* LocationTracking.swift */,
			);
			path = DateSmarter;
			sourceTree = "<group>";
		};
		A086C08B27D9B15300F06AAA /* Preview Content */ = {
			isa = PBXGroup;
			children = (
				A086C08C27D9B15300F06AAA /* Preview Assets.xcassets */,
			);
			path = "Preview Content";
			sourceTree = "<group>";
		};
		A086C09527D9B15300F06AAA /* DateSmarterTests */ = {
			isa = PBXGroup;
			children = (
				A086C09627D9B15300F06AAA /* DateSmarterTests.swift */,
				A333B97B27DAA7FF00F22875 /* LocationTrackingUnitTests.swift */,
			);
			path = DateSmarterTests;
			sourceTree = "<group>";
		};
		A086C09F27D9B15300F06AAA /* DateSmarterUITests */ = {
			isa = PBXGroup;
			children = (
				A086C0A027D9B15300F06AAA /* DateSmarterUITests.swift */,
				A086C0A227D9B15300F06AAA /* DateSmarterUITestsLaunchTests.swift */,
			);
			path = DateSmarterUITests;
			sourceTree = "<group>";
		};
		A09EDB8327E8315C0037F6AC /* classes_Nick */ = {
			isa = PBXGroup;
			children = (
				A09EDB8127E8311F0037F6AC /* loggingIn.swift */,
				A09EDB8F27E833C10037F6AC /* popInNotification.swift */,
				A079585E27FE6E4200337920 /* authentication.swift */,
			);
			path = classes_Nick;
			sourceTree = "<group>";
		};
		A09EDB8527E8318F0037F6AC /* views_Nick */ = {
			isa = PBXGroup;
			children = (
				A09EDB8D27E833030037F6AC /* nicksView.swift */,
				A0437EE9281F8AE3009FE463 /* newGridView.swift */,
				A079586227FE867D00337920 /* contactSelection.swift */,
				A03BF3EF281CCEE3004D6F58 /* MessengerView.swift */,
				A011C19E2804F45A00950000 /* authenticationView.swift */,
			);
			name = views_Nick;
			sourceTree = "<group>";
		};
		A09EDB8827E832170037F6AC /* View Modifiers */ = {
			isa = PBXGroup;
			children = (
				A09EDB8927E832370037F6AC /* viewModifiers.swift */,
			);
			name = "View Modifiers";
			sourceTree = "<group>";
		};
		CADBE3E0C87ACDC245A2852E /* Frameworks */ = {
			isa = PBXGroup;
			children = (
				062F9D59CD409A06A576F07E /* Pods_DateSmarter.framework */,
			);
			name = Frameworks;
			sourceTree = "<group>";
		};
/* End PBXGroup section */

/* Begin PBXNativeTarget section */
		A086C08127D9B15100F06AAA /* DateSmarter */ = {
			isa = PBXNativeTarget;
			buildConfigurationList = A086C0A627D9B15300F06AAA /* Build configuration list for PBXNativeTarget "DateSmarter" */;
			buildPhases = (
				915D53B48A178D53634357FB /* [CP] Check Pods Manifest.lock */,
				A086C07F27D9B15100F06AAA /* Frameworks */,
				A086C08027D9B15100F06AAA /* Resources */,
				109F27B3F3186C8011DAD2BC /* [CP] Embed Pods Frameworks */,
				A073FD852822385000235529 /* Sources */,
			);
			buildRules = (
			);
			dependencies = (
			);
			name = DateSmarter;
			productName = DateSmarter;
			productReference = A086C08227D9B15100F06AAA /* DateSmarter.app */;
			productType = "com.apple.product-type.application";
		};
		A086C09127D9B15300F06AAA /* DateSmarterTests */ = {
			isa = PBXNativeTarget;
			buildConfigurationList = A086C0A927D9B15300F06AAA /* Build configuration list for PBXNativeTarget "DateSmarterTests" */;
			buildPhases = (
				A086C08E27D9B15300F06AAA /* Sources */,
				A086C08F27D9B15300F06AAA /* Frameworks */,
				A086C09027D9B15300F06AAA /* Resources */,
			);
			buildRules = (
			);
			dependencies = (
				A086C09427D9B15300F06AAA /* PBXTargetDependency */,
			);
			name = DateSmarterTests;
			productName = DateSmarterTests;
			productReference = A086C09227D9B15300F06AAA /* DateSmarterTests.xctest */;
			productType = "com.apple.product-type.bundle.unit-test";
		};
		A086C09B27D9B15300F06AAA /* DateSmarterUITests */ = {
			isa = PBXNativeTarget;
			buildConfigurationList = A086C0AC27D9B15300F06AAA /* Build configuration list for PBXNativeTarget "DateSmarterUITests" */;
			buildPhases = (
				A086C09827D9B15300F06AAA /* Sources */,
				A086C09927D9B15300F06AAA /* Frameworks */,
				A086C09A27D9B15300F06AAA /* Resources */,
			);
			buildRules = (
			);
			dependencies = (
				A086C09E27D9B15300F06AAA /* PBXTargetDependency */,
			);
			name = DateSmarterUITests;
			productName = DateSmarterUITests;
			productReference = A086C09C27D9B15300F06AAA /* DateSmarterUITests.xctest */;
			productType = "com.apple.product-type.bundle.ui-testing";
		};
/* End PBXNativeTarget section */

/* Begin PBXProject section */
		A086C07A27D9B15100F06AAA /* Project object */ = {
			isa = PBXProject;
			attributes = {
				BuildIndependentTargetsInParallel = 1;
				LastSwiftUpdateCheck = 1320;
				LastUpgradeCheck = 1320;
				TargetAttributes = {
					A086C08127D9B15100F06AAA = {
						CreatedOnToolsVersion = 13.2.1;
					};
					A086C09127D9B15300F06AAA = {
						CreatedOnToolsVersion = 13.2.1;
						TestTargetID = A086C08127D9B15100F06AAA;
					};
					A086C09B27D9B15300F06AAA = {
						CreatedOnToolsVersion = 13.2.1;
						TestTargetID = A086C08127D9B15100F06AAA;
					};
				};
			};
			buildConfigurationList = A086C07D27D9B15100F06AAA /* Build configuration list for PBXProject "DateSmarter" */;
			compatibilityVersion = "Xcode 13.0";
			developmentRegion = en;
			hasScannedForEncodings = 0;
			knownRegions = (
				en,
				Base,
			);
			mainGroup = A086C07927D9B15100F06AAA;
			productRefGroup = A086C08327D9B15100F06AAA /* Products */;
			projectDirPath = "";
			projectRoot = "";
			targets = (
				A086C08127D9B15100F06AAA /* DateSmarter */,
				A086C09127D9B15300F06AAA /* DateSmarterTests */,
				A086C09B27D9B15300F06AAA /* DateSmarterUITests */,
			);
		};
/* End PBXProject section */

/* Begin PBXResourcesBuildPhase section */
		A086C08027D9B15100F06AAA /* Resources */ = {
			isa = PBXResourcesBuildPhase;
			buildActionMask = 2147483647;
			files = (
				A086C08D27D9B15300F06AAA /* Preview Assets.xcassets in Resources */,
				A086C08A27D9B15300F06AAA /* Assets.xcassets in Resources */,
				A0566EAA2804FD2900C62E4C /* GoogleService-Info.plist in Resources */,
			);
			runOnlyForDeploymentPostprocessing = 0;
		};
		A086C09027D9B15300F06AAA /* Resources */ = {
			isa = PBXResourcesBuildPhase;
			buildActionMask = 2147483647;
			files = (
			);
			runOnlyForDeploymentPostprocessing = 0;
		};
		A086C09A27D9B15300F06AAA /* Resources */ = {
			isa = PBXResourcesBuildPhase;
			buildActionMask = 2147483647;
			files = (
			);
			runOnlyForDeploymentPostprocessing = 0;
		};
/* End PBXResourcesBuildPhase section */

/* Begin PBXShellScriptBuildPhase section */
		109F27B3F3186C8011DAD2BC /* [CP] Embed Pods Frameworks */ = {
			isa = PBXShellScriptBuildPhase;
			buildActionMask = 2147483647;
			files = (
			);
			inputFileListPaths = (
				"${PODS_ROOT}/Target Support Files/Pods-DateSmarter/Pods-DateSmarter-frameworks-${CONFIGURATION}-input-files.xcfilelist",
			);
			name = "[CP] Embed Pods Frameworks";
			outputFileListPaths = (
				"${PODS_ROOT}/Target Support Files/Pods-DateSmarter/Pods-DateSmarter-frameworks-${CONFIGURATION}-output-files.xcfilelist",
			);
			runOnlyForDeploymentPostprocessing = 0;
			shellPath = /bin/sh;
			shellScript = "\"${PODS_ROOT}/Target Support Files/Pods-DateSmarter/Pods-DateSmarter-frameworks.sh\"\n";
			showEnvVarsInLog = 0;
		};
		915D53B48A178D53634357FB /* [CP] Check Pods Manifest.lock */ = {
			isa = PBXShellScriptBuildPhase;
			buildActionMask = 2147483647;
			files = (
			);
			inputFileListPaths = (
			);
			inputPaths = (
				"${PODS_PODFILE_DIR_PATH}/Podfile.lock",
				"${PODS_ROOT}/Manifest.lock",
			);
			name = "[CP] Check Pods Manifest.lock";
			outputFileListPaths = (
			);
			outputPaths = (
				"$(DERIVED_FILE_DIR)/Pods-DateSmarter-checkManifestLockResult.txt",
			);
			runOnlyForDeploymentPostprocessing = 0;
			shellPath = /bin/sh;
			shellScript = "diff \"${PODS_PODFILE_DIR_PATH}/Podfile.lock\" \"${PODS_ROOT}/Manifest.lock\" > /dev/null\nif [ $? != 0 ] ; then\n    # print error to STDERR\n    echo \"error: The sandbox is not in sync with the Podfile.lock. Run 'pod install' or update your CocoaPods installation.\" >&2\n    exit 1\nfi\n# This output is used by Xcode 'outputs' to avoid re-running this script phase.\necho \"SUCCESS\" > \"${SCRIPT_OUTPUT_FILE_0}\"\n";
			showEnvVarsInLog = 0;
		};
/* End PBXShellScriptBuildPhase section */

/* Begin PBXSourcesBuildPhase section */
		A073FD852822385000235529 /* Sources */ = {
			isa = PBXSourcesBuildPhase;
			buildActionMask = 2147483647;
			files = (
				A333B97A27DAA47300F22875 /* LocationTracking.swift in Sources */,
				A073FD872822386200235529 /* ContentView.swift in Sources */,
				A073FD882822386200235529 /* responcesData.json in Sources */,
				A0B711D3282A062D004A732A /* minhsEduTextModifiers.swift in Sources */,
				A073FD892822386200235529 /* contac_Jeein.swift in Sources */,
				A073FD8A2822386200235529 /* views_Jeein.swift in Sources */,
				A073FD8B2822386200235529 /* DateSmarterApp.swift in Sources */,
				A073FD8C2822386200235529 /* viewModifiers.swift in Sources */,
				A073FD8D2822386200235529 /* nicksView.swift in Sources */,
				A073FD8E2822386200235529 /* newGridView.swift in Sources */,
				A073FD8F2822386200235529 /* contactSelection.swift in Sources */,
				A073FD902822386200235529 /* MessengerView.swift in Sources */,
				A073FD922822386200235529 /* authenticationView.swift in Sources */,
				A073FD932822386200235529 /* loggingIn.swift in Sources */,
				A073FD942822386200235529 /* popInNotification.swift in Sources */,
				A073FD952822386200235529 /* authentication.swift in Sources */,
				A073FD962822386200235529 /* minhsEduText.swift in Sources */,
				A073FD972822386200235529 /* minhsModifiers.swift in Sources */,
				A073FD982822386200235529 /* minhsView.swift in Sources */,
			);
			runOnlyForDeploymentPostprocessing = 0;
		};
		A086C08E27D9B15300F06AAA /* Sources */ = {
			isa = PBXSourcesBuildPhase;
			buildActionMask = 2147483647;
			files = (
				A086C09727D9B15300F06AAA /* DateSmarterTests.swift in Sources */,
				A333B97C27DAA7FF00F22875 /* LocationTrackingUnitTests.swift in Sources */,
			);
			runOnlyForDeploymentPostprocessing = 0;
		};
		A086C09827D9B15300F06AAA /* Sources */ = {
			isa = PBXSourcesBuildPhase;
			buildActionMask = 2147483647;
			files = (
				A086C0A127D9B15300F06AAA /* DateSmarterUITests.swift in Sources */,
				A086C0A327D9B15300F06AAA /* DateSmarterUITestsLaunchTests.swift in Sources */,
			);
			runOnlyForDeploymentPostprocessing = 0;
		};
/* End PBXSourcesBuildPhase section */

/* Begin PBXTargetDependency section */
		A086C09427D9B15300F06AAA /* PBXTargetDependency */ = {
			isa = PBXTargetDependency;
			target = A086C08127D9B15100F06AAA /* DateSmarter */;
			targetProxy = A086C09327D9B15300F06AAA /* PBXContainerItemProxy */;
		};
		A086C09E27D9B15300F06AAA /* PBXTargetDependency */ = {
			isa = PBXTargetDependency;
			target = A086C08127D9B15100F06AAA /* DateSmarter */;
			targetProxy = A086C09D27D9B15300F06AAA /* PBXContainerItemProxy */;
		};
/* End PBXTargetDependency section */

/* Begin XCBuildConfiguration section */
		A086C0A427D9B15300F06AAA /* Debug */ = {
			isa = XCBuildConfiguration;
			buildSettings = {
				ALWAYS_SEARCH_USER_PATHS = NO;
				CLANG_ANALYZER_NONNULL = YES;
				CLANG_ANALYZER_NUMBER_OBJECT_CONVERSION = YES_AGGRESSIVE;
				CLANG_CXX_LANGUAGE_STANDARD = "gnu++17";
				CLANG_CXX_LIBRARY = "libc++";
				CLANG_ENABLE_MODULES = YES;
				CLANG_ENABLE_OBJC_ARC = YES;
				CLANG_ENABLE_OBJC_WEAK = YES;
				CLANG_WARN_BLOCK_CAPTURE_AUTORELEASING = YES;
				CLANG_WARN_BOOL_CONVERSION = YES;
				CLANG_WARN_COMMA = YES;
				CLANG_WARN_CONSTANT_CONVERSION = YES;
				CLANG_WARN_DEPRECATED_OBJC_IMPLEMENTATIONS = YES;
				CLANG_WARN_DIRECT_OBJC_ISA_USAGE = YES_ERROR;
				CLANG_WARN_DOCUMENTATION_COMMENTS = YES;
				CLANG_WARN_EMPTY_BODY = YES;
				CLANG_WARN_ENUM_CONVERSION = YES;
				CLANG_WARN_INFINITE_RECURSION = YES;
				CLANG_WARN_INT_CONVERSION = YES;
				CLANG_WARN_NON_LITERAL_NULL_CONVERSION = YES;
				CLANG_WARN_OBJC_IMPLICIT_RETAIN_SELF = YES;
				CLANG_WARN_OBJC_LITERAL_CONVERSION = YES;
				CLANG_WARN_OBJC_ROOT_CLASS = YES_ERROR;
				CLANG_WARN_QUOTED_INCLUDE_IN_FRAMEWORK_HEADER = YES;
				CLANG_WARN_RANGE_LOOP_ANALYSIS = YES;
				CLANG_WARN_STRICT_PROTOTYPES = YES;
				CLANG_WARN_SUSPICIOUS_MOVE = YES;
				CLANG_WARN_UNGUARDED_AVAILABILITY = YES_AGGRESSIVE;
				CLANG_WARN_UNREACHABLE_CODE = YES;
				CLANG_WARN__DUPLICATE_METHOD_MATCH = YES;
				COPY_PHASE_STRIP = NO;
				DEBUG_INFORMATION_FORMAT = dwarf;
				ENABLE_STRICT_OBJC_MSGSEND = YES;
				ENABLE_TESTABILITY = YES;
				GCC_C_LANGUAGE_STANDARD = gnu11;
				GCC_DYNAMIC_NO_PIC = NO;
				GCC_NO_COMMON_BLOCKS = YES;
				GCC_OPTIMIZATION_LEVEL = 0;
				GCC_PREPROCESSOR_DEFINITIONS = (
					"DEBUG=1",
					"$(inherited)",
				);
				GCC_WARN_64_TO_32_BIT_CONVERSION = YES;
				GCC_WARN_ABOUT_RETURN_TYPE = YES_ERROR;
				GCC_WARN_UNDECLARED_SELECTOR = YES;
				GCC_WARN_UNINITIALIZED_AUTOS = YES_AGGRESSIVE;
				GCC_WARN_UNUSED_FUNCTION = YES;
				GCC_WARN_UNUSED_VARIABLE = YES;
				IPHONEOS_DEPLOYMENT_TARGET = 15.2;
				MTL_ENABLE_DEBUG_INFO = INCLUDE_SOURCE;
				MTL_FAST_MATH = YES;
				ONLY_ACTIVE_ARCH = YES;
				SDKROOT = iphoneos;
				SWIFT_ACTIVE_COMPILATION_CONDITIONS = DEBUG;
				SWIFT_OPTIMIZATION_LEVEL = "-Onone";
			};
			name = Debug;
		};
		A086C0A527D9B15300F06AAA /* Release */ = {
			isa = XCBuildConfiguration;
			buildSettings = {
				ALWAYS_SEARCH_USER_PATHS = NO;
				CLANG_ANALYZER_NONNULL = YES;
				CLANG_ANALYZER_NUMBER_OBJECT_CONVERSION = YES_AGGRESSIVE;
				CLANG_CXX_LANGUAGE_STANDARD = "gnu++17";
				CLANG_CXX_LIBRARY = "libc++";
				CLANG_ENABLE_MODULES = YES;
				CLANG_ENABLE_OBJC_ARC = YES;
				CLANG_ENABLE_OBJC_WEAK = YES;
				CLANG_WARN_BLOCK_CAPTURE_AUTORELEASING = YES;
				CLANG_WARN_BOOL_CONVERSION = YES;
				CLANG_WARN_COMMA = YES;
				CLANG_WARN_CONSTANT_CONVERSION = YES;
				CLANG_WARN_DEPRECATED_OBJC_IMPLEMENTATIONS = YES;
				CLANG_WARN_DIRECT_OBJC_ISA_USAGE = YES_ERROR;
				CLANG_WARN_DOCUMENTATION_COMMENTS = YES;
				CLANG_WARN_EMPTY_BODY = YES;
				CLANG_WARN_ENUM_CONVERSION = YES;
				CLANG_WARN_INFINITE_RECURSION = YES;
				CLANG_WARN_INT_CONVERSION = YES;
				CLANG_WARN_NON_LITERAL_NULL_CONVERSION = YES;
				CLANG_WARN_OBJC_IMPLICIT_RETAIN_SELF = YES;
				CLANG_WARN_OBJC_LITERAL_CONVERSION = YES;
				CLANG_WARN_OBJC_ROOT_CLASS = YES_ERROR;
				CLANG_WARN_QUOTED_INCLUDE_IN_FRAMEWORK_HEADER = YES;
				CLANG_WARN_RANGE_LOOP_ANALYSIS = YES;
				CLANG_WARN_STRICT_PROTOTYPES = YES;
				CLANG_WARN_SUSPICIOUS_MOVE = YES;
				CLANG_WARN_UNGUARDED_AVAILABILITY = YES_AGGRESSIVE;
				CLANG_WARN_UNREACHABLE_CODE = YES;
				CLANG_WARN__DUPLICATE_METHOD_MATCH = YES;
				COPY_PHASE_STRIP = NO;
				DEBUG_INFORMATION_FORMAT = "dwarf-with-dsym";
				ENABLE_NS_ASSERTIONS = NO;
				ENABLE_STRICT_OBJC_MSGSEND = YES;
				GCC_C_LANGUAGE_STANDARD = gnu11;
				GCC_NO_COMMON_BLOCKS = YES;
				GCC_WARN_64_TO_32_BIT_CONVERSION = YES;
				GCC_WARN_ABOUT_RETURN_TYPE = YES_ERROR;
				GCC_WARN_UNDECLARED_SELECTOR = YES;
				GCC_WARN_UNINITIALIZED_AUTOS = YES_AGGRESSIVE;
				GCC_WARN_UNUSED_FUNCTION = YES;
				GCC_WARN_UNUSED_VARIABLE = YES;
				IPHONEOS_DEPLOYMENT_TARGET = 15.2;
				MTL_ENABLE_DEBUG_INFO = NO;
				MTL_FAST_MATH = YES;
				SDKROOT = iphoneos;
				SWIFT_COMPILATION_MODE = wholemodule;
				SWIFT_OPTIMIZATION_LEVEL = "-O";
				VALIDATE_PRODUCT = YES;
			};
			name = Release;
		};
		A086C0A727D9B15300F06AAA /* Debug */ = {
			isa = XCBuildConfiguration;
			baseConfigurationReference = 2637D95DA0E7262F4F607085 /* Pods-DateSmarter.debug.xcconfig */;
			buildSettings = {
				ASSETCATALOG_COMPILER_APPICON_NAME = AppIcon;
				ASSETCATALOG_COMPILER_GLOBAL_ACCENT_COLOR_NAME = AccentColor;
				CODE_SIGN_STYLE = Automatic;
				CURRENT_PROJECT_VERSION = 1;
				DEVELOPMENT_ASSET_PATHS = "\"DateSmarter/Preview Content\"";
				DEVELOPMENT_TEAM = 3F97ZK7ZQ7;
				ENABLE_PREVIEWS = YES;
				GENERATE_INFOPLIST_FILE = YES;
				INFOPLIST_FILE = DateSmarter/Info.plist;
				INFOPLIST_KEY_UIApplicationSceneManifest_Generation = YES;
				INFOPLIST_KEY_UIApplicationSupportsIndirectInputEvents = YES;
				INFOPLIST_KEY_UILaunchScreen_Generation = YES;
				INFOPLIST_KEY_UISupportedInterfaceOrientations_iPad = "UIInterfaceOrientationPortrait UIInterfaceOrientationPortraitUpsideDown UIInterfaceOrientationLandscapeLeft UIInterfaceOrientationLandscapeRight";
				INFOPLIST_KEY_UISupportedInterfaceOrientations_iPhone = "UIInterfaceOrientationPortrait UIInterfaceOrientationLandscapeLeft UIInterfaceOrientationLandscapeRight";
				LD_RUNPATH_SEARCH_PATHS = (
					"$(inherited)",
					"@executable_path/Frameworks",
				);
				MARKETING_VERSION = 1.0;
				PRODUCT_BUNDLE_IDENTIFIER = edu.fullerton.ecs.DateSmarter;
				PRODUCT_NAME = DateSmarter;
				SWIFT_EMIT_LOC_STRINGS = YES;
				SWIFT_VERSION = 5.0;
				TARGETED_DEVICE_FAMILY = "1,2";
			};
			name = Debug;
		};
		A086C0A827D9B15300F06AAA /* Release */ = {
			isa = XCBuildConfiguration;
			baseConfigurationReference = E97FFA28EBD4020E91711011 /* Pods-DateSmarter.release.xcconfig */;
			buildSettings = {
				ASSETCATALOG_COMPILER_APPICON_NAME = AppIcon;
				ASSETCATALOG_COMPILER_GLOBAL_ACCENT_COLOR_NAME = AccentColor;
				CODE_SIGN_STYLE = Automatic;
				CURRENT_PROJECT_VERSION = 1;
				DEVELOPMENT_ASSET_PATHS = "\"DateSmarter/Preview Content\"";
				DEVELOPMENT_TEAM = 3F97ZK7ZQ7;
				ENABLE_PREVIEWS = YES;
				GENERATE_INFOPLIST_FILE = YES;
				INFOPLIST_FILE = DateSmarter/Info.plist;
				INFOPLIST_KEY_UIApplicationSceneManifest_Generation = YES;
				INFOPLIST_KEY_UIApplicationSupportsIndirectInputEvents = YES;
				INFOPLIST_KEY_UILaunchScreen_Generation = YES;
				INFOPLIST_KEY_UISupportedInterfaceOrientations_iPad = "UIInterfaceOrientationPortrait UIInterfaceOrientationPortraitUpsideDown UIInterfaceOrientationLandscapeLeft UIInterfaceOrientationLandscapeRight";
				INFOPLIST_KEY_UISupportedInterfaceOrientations_iPhone = "UIInterfaceOrientationPortrait UIInterfaceOrientationLandscapeLeft UIInterfaceOrientationLandscapeRight";
				LD_RUNPATH_SEARCH_PATHS = (
					"$(inherited)",
					"@executable_path/Frameworks",
				);
				MARKETING_VERSION = 1.0;
				PRODUCT_BUNDLE_IDENTIFIER = edu.fullerton.ecs.DateSmarter;
				PRODUCT_NAME = DateSmarter;
				SWIFT_EMIT_LOC_STRINGS = YES;
				SWIFT_VERSION = 5.0;
				TARGETED_DEVICE_FAMILY = "1,2";
			};
			name = Release;
		};
		A086C0AA27D9B15300F06AAA /* Debug */ = {
			isa = XCBuildConfiguration;
			buildSettings = {
				ALWAYS_EMBED_SWIFT_STANDARD_LIBRARIES = YES;
				BUNDLE_LOADER = "$(TEST_HOST)";
				CODE_SIGN_STYLE = Automatic;
				CURRENT_PROJECT_VERSION = 1;
				DEVELOPMENT_TEAM = 3F97ZK7ZQ7;
				GENERATE_INFOPLIST_FILE = YES;
				IPHONEOS_DEPLOYMENT_TARGET = 15.2;
				MARKETING_VERSION = 1.0;
				PRODUCT_BUNDLE_IDENTIFIER = edu.fullerton.ecs.DateSmarterTests;
				PRODUCT_NAME = "$(TARGET_NAME)";
				SWIFT_EMIT_LOC_STRINGS = NO;
				SWIFT_VERSION = 5.0;
				TARGETED_DEVICE_FAMILY = "1,2";
				TEST_HOST = "$(BUILT_PRODUCTS_DIR)/DateSmarter.app/DateSmarter";
			};
			name = Debug;
		};
		A086C0AB27D9B15300F06AAA /* Release */ = {
			isa = XCBuildConfiguration;
			buildSettings = {
				ALWAYS_EMBED_SWIFT_STANDARD_LIBRARIES = YES;
				BUNDLE_LOADER = "$(TEST_HOST)";
				CODE_SIGN_STYLE = Automatic;
				CURRENT_PROJECT_VERSION = 1;
				DEVELOPMENT_TEAM = 3F97ZK7ZQ7;
				GENERATE_INFOPLIST_FILE = YES;
				IPHONEOS_DEPLOYMENT_TARGET = 15.2;
				MARKETING_VERSION = 1.0;
				PRODUCT_BUNDLE_IDENTIFIER = edu.fullerton.ecs.DateSmarterTests;
				PRODUCT_NAME = "$(TARGET_NAME)";
				SWIFT_EMIT_LOC_STRINGS = NO;
				SWIFT_VERSION = 5.0;
				TARGETED_DEVICE_FAMILY = "1,2";
				TEST_HOST = "$(BUILT_PRODUCTS_DIR)/DateSmarter.app/DateSmarter";
			};
			name = Release;
		};
		A086C0AD27D9B15300F06AAA /* Debug */ = {
			isa = XCBuildConfiguration;
			buildSettings = {
				ALWAYS_EMBED_SWIFT_STANDARD_LIBRARIES = YES;
				CODE_SIGN_STYLE = Automatic;
				CURRENT_PROJECT_VERSION = 1;
				DEVELOPMENT_TEAM = 3F97ZK7ZQ7;
				GENERATE_INFOPLIST_FILE = YES;
				MARKETING_VERSION = 1.0;
				PRODUCT_BUNDLE_IDENTIFIER = edu.fullerton.ecs.DateSmarterUITests;
				PRODUCT_NAME = "$(TARGET_NAME)";
				SWIFT_EMIT_LOC_STRINGS = NO;
				SWIFT_VERSION = 5.0;
				TARGETED_DEVICE_FAMILY = "1,2";
				TEST_TARGET_NAME = DateSmarter;
			};
			name = Debug;
		};
		A086C0AE27D9B15300F06AAA /* Release */ = {
			isa = XCBuildConfiguration;
			buildSettings = {
				ALWAYS_EMBED_SWIFT_STANDARD_LIBRARIES = YES;
				CODE_SIGN_STYLE = Automatic;
				CURRENT_PROJECT_VERSION = 1;
				DEVELOPMENT_TEAM = 3F97ZK7ZQ7;
				GENERATE_INFOPLIST_FILE = YES;
				MARKETING_VERSION = 1.0;
				PRODUCT_BUNDLE_IDENTIFIER = edu.fullerton.ecs.DateSmarterUITests;
				PRODUCT_NAME = "$(TARGET_NAME)";
				SWIFT_EMIT_LOC_STRINGS = NO;
				SWIFT_VERSION = 5.0;
				TARGETED_DEVICE_FAMILY = "1,2";
				TEST_TARGET_NAME = DateSmarter;
			};
			name = Release;
		};
/* End XCBuildConfiguration section */

/* Begin XCConfigurationList section */
		A086C07D27D9B15100F06AAA /* Build configuration list for PBXProject "DateSmarter" */ = {
			isa = XCConfigurationList;
			buildConfigurations = (
				A086C0A427D9B15300F06AAA /* Debug */,
				A086C0A527D9B15300F06AAA /* Release */,
			);
			defaultConfigurationIsVisible = 0;
			defaultConfigurationName = Release;
		};
		A086C0A627D9B15300F06AAA /* Build configuration list for PBXNativeTarget "DateSmarter" */ = {
			isa = XCConfigurationList;
			buildConfigurations = (
				A086C0A727D9B15300F06AAA /* Debug */,
				A086C0A827D9B15300F06AAA /* Release */,
			);
			defaultConfigurationIsVisible = 0;
			defaultConfigurationName = Release;
		};
		A086C0A927D9B15300F06AAA /* Build configuration list for PBXNativeTarget "DateSmarterTests" */ = {
			isa = XCConfigurationList;
			buildConfigurations = (
				A086C0AA27D9B15300F06AAA /* Debug */,
				A086C0AB27D9B15300F06AAA /* Release */,
			);
			defaultConfigurationIsVisible = 0;
			defaultConfigurationName = Release;
		};
		A086C0AC27D9B15300F06AAA /* Build configuration list for PBXNativeTarget "DateSmarterUITests" */ = {
			isa = XCConfigurationList;
			buildConfigurations = (
				A086C0AD27D9B15300F06AAA /* Debug */,
				A086C0AE27D9B15300F06AAA /* Release */,
			);
			defaultConfigurationIsVisible = 0;
			defaultConfigurationName = Release;
		};
/* End XCConfigurationList section */
	};
	rootObject = A086C07A27D9B15100F06AAA /* Project object */;
}
