// !$*UTF8*$!
{
	archiveVersion = 1;
	classes = {
	};
	objectVersion = 55;
	objects = {

/* Begin PBXBuildFile section */
		7A6A5CDE27DAA3C400EFF09F /* Modifiers.swift in Sources */ = {isa = PBXBuildFile; fileRef = 7A6A5CDD27DAA3C400EFF09F /* Modifiers.swift */; };
		A086C08627D9B15100F06AAA /* DateSmarterApp.swift in Sources */ = {isa = PBXBuildFile; fileRef = A086C08527D9B15100F06AAA /* DateSmarterApp.swift */; };
		A086C08827D9B15100F06AAA /* ContentView.swift in Sources */ = {isa = PBXBuildFile; fileRef = A086C08727D9B15100F06AAA /* ContentView.swift */; };
		A086C08A27D9B15300F06AAA /* Assets.xcassets in Resources */ = {isa = PBXBuildFile; fileRef = A086C08927D9B15300F06AAA /* Assets.xcassets */; };
		A086C08D27D9B15300F06AAA /* Preview Assets.xcassets in Resources */ = {isa = PBXBuildFile; fileRef = A086C08C27D9B15300F06AAA /* Preview Assets.xcassets */; };
		A086C09727D9B15300F06AAA /* DateSmarterTests.swift in Sources */ = {isa = PBXBuildFile; fileRef = A086C09627D9B15300F06AAA /* DateSmarterTests.swift */; };
		A086C0A127D9B15300F06AAA /* DateSmarterUITests.swift in Sources */ = {isa = PBXBuildFile; fileRef = A086C0A027D9B15300F06AAA /* DateSmarterUITests.swift */; };
		A086C0A327D9B15300F06AAA /* DateSmarterUITestsLaunchTests.swift in Sources */ = {isa = PBXBuildFile; fileRef = A086C0A227D9B15300F06AAA /* DateSmarterUITestsLaunchTests.swift */; };
		A09EDB8227E8311F0037F6AC /* loggingIn.swift in Sources */ = {isa = PBXBuildFile; fileRef = A09EDB8127E8311F0037F6AC /* loggingIn.swift */; };
		A09EDB8727E831AD0037F6AC /* inAppView.swift in Sources */ = {isa = PBXBuildFile; fileRef = A09EDB8627E831AD0037F6AC /* inAppView.swift */; };
		A09EDB8A27E832370037F6AC /* viewModifiers.swift in Sources */ = {isa = PBXBuildFile; fileRef = A09EDB8927E832370037F6AC /* viewModifiers.swift */; };
		A09EDB8C27E8329F0037F6AC /* registerView.swift in Sources */ = {isa = PBXBuildFile; fileRef = A09EDB8B27E8329F0037F6AC /* registerView.swift */; };
		A09EDB8E27E833030037F6AC /* nicksView.swift in Sources */ = {isa = PBXBuildFile; fileRef = A09EDB8D27E833030037F6AC /* nicksView.swift */; };
		A09EDB9027E833C10037F6AC /* popInNotification.swift in Sources */ = {isa = PBXBuildFile; fileRef = A09EDB8F27E833C10037F6AC /* popInNotification.swift */; };
/* End PBXBuildFile section */

/* Begin PBXContainerItemProxy section */
		A086C09327D9B15300F06AAA /* PBXContainerItemProxy */ = {
			isa = PBXContainerItemProxy;
			containerPortal = A086C07A27D9B15100F06AAA /* Project object */;
			proxyType = 1;
			remoteGlobalIDString = A086C08127D9B15100F06AAA;
			remoteInfo = DateSmarter;
		};
		A086C09D27D9B15300F06AAA /* PBXContainerItemProxy */ = {
			isa = PBXContainerItemProxy;
			containerPortal = A086C07A27D9B15100F06AAA /* Project object */;
			proxyType = 1;
			remoteGlobalIDString = A086C08127D9B15100F06AAA;
			remoteInfo = DateSmarter;
		};
/* End PBXContainerItemProxy section */

/* Begin PBXFileReference section */
		7A6A5CDD27DAA3C400EFF09F /* Modifiers.swift */ = {isa = PBXFileReference; lastKnownFileType = sourcecode.swift; path = Modifiers.swift; sourceTree = "<group>"; };
		A086C08227D9B15100F06AAA /* DateSmarter.app */ = {isa = PBXFileReference; explicitFileType = wrapper.application; includeInIndex = 0; path = DateSmarter.app; sourceTree = BUILT_PRODUCTS_DIR; };
		A086C08527D9B15100F06AAA /* DateSmarterApp.swift */ = {isa = PBXFileReference; lastKnownFileType = sourcecode.swift; path = DateSmarterApp.swift; sourceTree = "<group>"; };
		A086C08727D9B15100F06AAA /* ContentView.swift */ = {isa = PBXFileReference; lastKnownFileType = sourcecode.swift; path = ContentView.swift; sourceTree = "<group>"; };
		A086C08927D9B15300F06AAA /* Assets.xcassets */ = {isa = PBXFileReference; lastKnownFileType = folder.assetcatalog; path = Assets.xcassets; sourceTree = "<group>"; };
		A086C08C27D9B15300F06AAA /* Preview Assets.xcassets */ = {isa = PBXFileReference; lastKnownFileType = folder.assetcatalog; path = "Preview Assets.xcassets"; sourceTree = "<group>"; };
		A086C09227D9B15300F06AAA /* DateSmarterTests.xctest */ = {isa = PBXFileReference; explicitFileType = wrapper.cfbundle; includeInIndex = 0; path = DateSmarterTests.xctest; sourceTree = BUILT_PRODUCTS_DIR; };
		A086C09627D9B15300F06AAA /* DateSmarterTests.swift */ = {isa = PBXFileReference; lastKnownFileType = sourcecode.swift; path = DateSmarterTests.swift; sourceTree = "<group>"; };
		A086C09C27D9B15300F06AAA /* DateSmarterUITests.xctest */ = {isa = PBXFileReference; explicitFileType = wrapper.cfbundle; includeInIndex = 0; path = DateSmarterUITests.xctest; sourceTree = BUILT_PRODUCTS_DIR; };
		A086C0A027D9B15300F06AAA /* DateSmarterUITests.swift */ = {isa = PBXFileReference; lastKnownFileType = sourcecode.swift; path = DateSmarterUITests.swift; sourceTree = "<group>"; };
		A086C0A227D9B15300F06AAA /* DateSmarterUITestsLaunchTests.swift */ = {isa = PBXFileReference; lastKnownFileType = sourcecode.swift; path = DateSmarterUITestsLaunchTests.swift; sourceTree = "<group>"; };
		A09EDB8127E8311F0037F6AC /* loggingIn.swift */ = {isa = PBXFileReference; lastKnownFileType = sourcecode.swift; path = loggingIn.swift; sourceTree = "<group>"; };
		A09EDB8627E831AD0037F6AC /* inAppView.swift */ = {isa = PBXFileReference; lastKnownFileType = sourcecode.swift; path = inAppView.swift; sourceTree = "<group>"; };
		A09EDB8927E832370037F6AC /* viewModifiers.swift */ = {isa = PBXFileReference; lastKnownFileType = sourcecode.swift; path = viewModifiers.swift; sourceTree = "<group>"; };
		A09EDB8B27E8329F0037F6AC /* registerView.swift */ = {isa = PBXFileReference; lastKnownFileType = sourcecode.swift; path = registerView.swift; sourceTree = "<group>"; };
		A09EDB8D27E833030037F6AC /* nicksView.swift */ = {isa = PBXFileReference; lastKnownFileType = sourcecode.swift; path = nicksView.swift; sourceTree = "<group>"; };
		A09EDB8F27E833C10037F6AC /* popInNotification.swift */ = {isa = PBXFileReference; lastKnownFileType = sourcecode.swift; path = popInNotification.swift; sourceTree = "<group>"; };
/* End PBXFileReference section */

/* Begin PBXFrameworksBuildPhase section */
		A086C07F27D9B15100F06AAA /* Frameworks */ = {
			isa = PBXFrameworksBuildPhase;
			buildActionMask = 2147483647;
			files = (
			);
			runOnlyForDeploymentPostprocessing = 0;
		};
		A086C08F27D9B15300F06AAA /* Frameworks */ = {
			isa = PBXFrameworksBuildPhase;
			buildActionMask = 2147483647;
			files = (
			);
			runOnlyForDeploymentPostprocessing = 0;
		};
		A086C09927D9B15300F06AAA /* Frameworks */ = {
			isa = PBXFrameworksBuildPhase;
			buildActionMask = 2147483647;
			files = (
			);
			runOnlyForDeploymentPostprocessing = 0;
		};
/* End PBXFrameworksBuildPhase section */

/* Begin PBXGroup section */
		A086C07927D9B15100F06AAA = {
			isa = PBXGroup;
			children = (
				A086C08427D9B15100F06AAA /* DateSmarter */,
				A086C09527D9B15300F06AAA /* DateSmarterTests */,
				A086C09F27D9B15300F06AAA /* DateSmarterUITests */,
				A086C08327D9B15100F06AAA /* Products */,
			);
			sourceTree = "<group>";
		};
		A086C08327D9B15100F06AAA /* Products */ = {
			isa = PBXGroup;
			children = (
				A086C08227D9B15100F06AAA /* DateSmarter.app */,
				A086C09227D9B15300F06AAA /* DateSmarterTests.xctest */,
				A086C09C27D9B15300F06AAA /* DateSmarterUITests.xctest */,
			);
			name = Products;
			sourceTree = "<group>";
		};
		A086C08427D9B15100F06AAA /* DateSmarter */ = {
			isa = PBXGroup;
			children = (
				A086C08527D9B15100F06AAA /* DateSmarterApp.swift */,
				A086C08727D9B15100F06AAA /* ContentView.swift */,
				A09EDB8827E832170037F6AC /* View Modifiers */,
				A09EDB8527E8318F0037F6AC /* views_Nick */,
				A09EDB8327E8315C0037F6AC /* classes_Nick */,
				7A6A5CDD27DAA3C400EFF09F /* Modifiers.swift */,
				A086C08927D9B15300F06AAA /* Assets.xcassets */,
				A086C08B27D9B15300F06AAA /* Preview Content */,
			);
			path = DateSmarter;
			sourceTree = "<group>";
		};
		A086C08B27D9B15300F06AAA /* Preview Content */ = {
			isa = PBXGroup;
			children = (
				A086C08C27D9B15300F06AAA /* Preview Assets.xcassets */,
			);
			path = "Preview Content";
			sourceTree = "<group>";
		};
		A086C09527D9B15300F06AAA /* DateSmarterTests */ = {
			isa = PBXGroup;
			children = (
				A086C09627D9B15300F06AAA /* DateSmarterTests.swift */,
			);
			path = DateSmarterTests;
			sourceTree = "<group>";
		};
		A086C09F27D9B15300F06AAA /* DateSmarterUITests */ = {
			isa = PBXGroup;
			children = (
				A086C0A027D9B15300F06AAA /* DateSmarterUITests.swift */,
				A086C0A227D9B15300F06AAA /* DateSmarterUITestsLaunchTests.swift */,
			);
			path = DateSmarterUITests;
			sourceTree = "<group>";
		};
		A09EDB8327E8315C0037F6AC /* classes_Nick */ = {
			isa = PBXGroup;
			children = (
				A09EDB8127E8311F0037F6AC /* loggingIn.swift */,
				A09EDB8F27E833C10037F6AC /* popInNotification.swift */,
			);
			path = classes_Nick;
			sourceTree = "<group>";
		};
		A09EDB8527E8318F0037F6AC /* views_Nick */ = {
			isa = PBXGroup;
			children = (
				A09EDB8627E831AD0037F6AC /* inAppView.swift */,
				A09EDB8B27E8329F0037F6AC /* registerView.swift */,
				A09EDB8D27E833030037F6AC /* nicksView.swift */,
			);
			name = views_Nick;
			sourceTree = "<group>";
		};
		A09EDB8827E832170037F6AC /* View Modifiers */ = {
			isa = PBXGroup;
			children = (
				A09EDB8927E832370037F6AC /* viewModifiers.swift */,
			);
			name = "View Modifiers";
			sourceTree = "<group>";
		};
/* End PBXGroup section */

/* Begin PBXNativeTarget section */
		A086C08127D9B15100F06AAA /* DateSmarter */ = {
			isa = PBXNativeTarget;
			buildConfigurationList = A086C0A627D9B15300F06AAA /* Build configuration list for PBXNativeTarget "DateSmarter" */;
			buildPhases = (
				A086C07E27D9B15100F06AAA /* Sources */,
				A086C07F27D9B15100F06AAA /* Frameworks */,
				A086C08027D9B15100F06AAA /* Resources */,
			);
			buildRules = (
			);
			dependencies = (
			);
			name = DateSmarter;
			productName = DateSmarter;
			productReference = A086C08227D9B15100F06AAA /* DateSmarter.app */;
			productType = "com.apple.product-type.application";
		};
		A086C09127D9B15300F06AAA /* DateSmarterTests */ = {
			isa = PBXNativeTarget;
			buildConfigurationList = A086C0A927D9B15300F06AAA /* Build configuration list for PBXNativeTarget "DateSmarterTests" */;
			buildPhases = (
				A086C08E27D9B15300F06AAA /* Sources */,
				A086C08F27D9B15300F06AAA /* Frameworks */,
				A086C09027D9B15300F06AAA /* Resources */,
			);
			buildRules = (
			);
			dependencies = (
				A086C09427D9B15300F06AAA /* PBXTargetDependency */,
			);
			name = DateSmarterTests;
			productName = DateSmarterTests;
			productReference = A086C09227D9B15300F06AAA /* DateSmarterTests.xctest */;
			productType = "com.apple.product-type.bundle.unit-test";
		};
		A086C09B27D9B15300F06AAA /* DateSmarterUITests */ = {
			isa = PBXNativeTarget;
			buildConfigurationList = A086C0AC27D9B15300F06AAA /* Build configuration list for PBXNativeTarget "DateSmarterUITests" */;
			buildPhases = (
				A086C09827D9B15300F06AAA /* Sources */,
				A086C09927D9B15300F06AAA /* Frameworks */,
				A086C09A27D9B15300F06AAA /* Resources */,
			);
			buildRules = (
			);
			dependencies = (
				A086C09E27D9B15300F06AAA /* PBXTargetDependency */,
			);
			name = DateSmarterUITests;
			productName = DateSmarterUITests;
			productReference = A086C09C27D9B15300F06AAA /* DateSmarterUITests.xctest */;
			productType = "com.apple.product-type.bundle.ui-testing";
		};
/* End PBXNativeTarget section */

/* Begin PBXProject section */
		A086C07A27D9B15100F06AAA /* Project object */ = {
			isa = PBXProject;
			attributes = {
				BuildIndependentTargetsInParallel = 1;
				LastSwiftUpdateCheck = 1320;
				LastUpgradeCheck = 1320;
				TargetAttributes = {
					A086C08127D9B15100F06AAA = {
						CreatedOnToolsVersion = 13.2.1;
					};
					A086C09127D9B15300F06AAA = {
						CreatedOnToolsVersion = 13.2.1;
						TestTargetID = A086C08127D9B15100F06AAA;
					};
					A086C09B27D9B15300F06AAA = {
						CreatedOnToolsVersion = 13.2.1;
						TestTargetID = A086C08127D9B15100F06AAA;
					};
				};
			};
			buildConfigurationList = A086C07D27D9B15100F06AAA /* Build configuration list for PBXProject "DateSmarter" */;
			compatibilityVersion = "Xcode 13.0";
			developmentRegion = en;
			hasScannedForEncodings = 0;
			knownRegions = (
				en,
				Base,
			);
			mainGroup = A086C07927D9B15100F06AAA;
			productRefGroup = A086C08327D9B15100F06AAA /* Products */;
			projectDirPath = "";
			projectRoot = "";
			targets = (
				A086C08127D9B15100F06AAA /* DateSmarter */,
				A086C09127D9B15300F06AAA /* DateSmarterTests */,
				A086C09B27D9B15300F06AAA /* DateSmarterUITests */,
			);
		};
/* End PBXProject section */

/* Begin PBXResourcesBuildPhase section */
		A086C08027D9B15100F06AAA /* Resources */ = {
			isa = PBXResourcesBuildPhase;
			buildActionMask = 2147483647;
			files = (
				A086C08D27D9B15300F06AAA /* Preview Assets.xcassets in Resources */,
				A086C08A27D9B15300F06AAA /* Assets.xcassets in Resources */,
			);
			runOnlyForDeploymentPostprocessing = 0;
		};
		A086C09027D9B15300F06AAA /* Resources */ = {
			isa = PBXResourcesBuildPhase;
			buildActionMask = 2147483647;
			files = (
			);
			runOnlyForDeploymentPostprocessing = 0;
		};
		A086C09A27D9B15300F06AAA /* Resources */ = {
			isa = PBXResourcesBuildPhase;
			buildActionMask = 2147483647;
			files = (
			);
			runOnlyForDeploymentPostprocessing = 0;
		};
/* End PBXResourcesBuildPhase section */

/* Begin PBXSourcesBuildPhase section */
		A086C07E27D9B15100F06AAA /* Sources */ = {
			isa = PBXSourcesBuildPhase;
			buildActionMask = 2147483647;
			files = (
				A09EDB9027E833C10037F6AC /* popInNotification.swift in Sources */,
				A09EDB8227E8311F0037F6AC /* loggingIn.swift in Sources */,
				A09EDB8A27E832370037F6AC /* viewModifiers.swift in Sources */,
				A086C08827D9B15100F06AAA /* ContentView.swift in Sources */,
				7A6A5CDE27DAA3C400EFF09F /* Modifiers.swift in Sources */,
				A086C08627D9B15100F06AAA /* DateSmarterApp.swift in Sources */,
				A09EDB8E27E833030037F6AC /* nicksView.swift in Sources */,
				A09EDB8C27E8329F0037F6AC /* registerView.swift in Sources */,
				A09EDB8727E831AD0037F6AC /* inAppView.swift in Sources */,
			);
			runOnlyForDeploymentPostprocessing = 0;
		};
		A086C08E27D9B15300F06AAA /* Sources */ = {
			isa = PBXSourcesBuildPhase;
			buildActionMask = 2147483647;
			files = (
				A086C09727D9B15300F06AAA /* DateSmarterTests.swift in Sources */,
			);
			runOnlyForDeploymentPostprocessing = 0;
		};
		A086C09827D9B15300F06AAA /* Sources */ = {
			isa = PBXSourcesBuildPhase;
			buildActionMask = 2147483647;
			files = (
				A086C0A127D9B15300F06AAA /* DateSmarterUITests.swift in Sources */,
				A086C0A327D9B15300F06AAA /* DateSmarterUITestsLaunchTests.swift in Sources */,
			);
			runOnlyForDeploymentPostprocessing = 0;
		};
/* End PBXSourcesBuildPhase section */

/* Begin PBXTargetDependency section */
		A086C09427D9B15300F06AAA /* PBXTargetDependency */ = {
			isa = PBXTargetDependency;
			target = A086C08127D9B15100F06AAA /* DateSmarter */;
			targetProxy = A086C09327D9B15300F06AAA /* PBXContainerItemProxy */;
		};
		A086C09E27D9B15300F06AAA /* PBXTargetDependency */ = {
			isa = PBXTargetDependency;
			target = A086C08127D9B15100F06AAA /* DateSmarter */;
			targetProxy = A086C09D27D9B15300F06AAA /* PBXContainerItemProxy */;
		};
/* End PBXTargetDependency section */

/* Begin XCBuildConfiguration section */
		A086C0A427D9B15300F06AAA /* Debug */ = {
			isa = XCBuildConfiguration;
			buildSettings = {
				ALWAYS_SEARCH_USER_PATHS = NO;
				CLANG_ANALYZER_NONNULL = YES;
				CLANG_ANALYZER_NUMBER_OBJECT_CONVERSION = YES_AGGRESSIVE;
				CLANG_CXX_LANGUAGE_STANDARD = "gnu++17";
				CLANG_CXX_LIBRARY = "libc++";
				CLANG_ENABLE_MODULES = YES;
				CLANG_ENABLE_OBJC_ARC = YES;
				CLANG_ENABLE_OBJC_WEAK = YES;
				CLANG_WARN_BLOCK_CAPTURE_AUTORELEASING = YES;
				CLANG_WARN_BOOL_CONVERSION = YES;
				CLANG_WARN_COMMA = YES;
				CLANG_WARN_CONSTANT_CONVERSION = YES;
				CLANG_WARN_DEPRECATED_OBJC_IMPLEMENTATIONS = YES;
				CLANG_WARN_DIRECT_OBJC_ISA_USAGE = YES_ERROR;
				CLANG_WARN_DOCUMENTATION_COMMENTS = YES;
				CLANG_WARN_EMPTY_BODY = YES;
				CLANG_WARN_ENUM_CONVERSION = YES;
				CLANG_WARN_INFINITE_RECURSION = YES;
				CLANG_WARN_INT_CONVERSION = YES;
				CLANG_WARN_NON_LITERAL_NULL_CONVERSION = YES;
				CLANG_WARN_OBJC_IMPLICIT_RETAIN_SELF = YES;
				CLANG_WARN_OBJC_LITERAL_CONVERSION = YES;
				CLANG_WARN_OBJC_ROOT_CLASS = YES_ERROR;
				CLANG_WARN_QUOTED_INCLUDE_IN_FRAMEWORK_HEADER = YES;
				CLANG_WARN_RANGE_LOOP_ANALYSIS = YES;
				CLANG_WARN_STRICT_PROTOTYPES = YES;
				CLANG_WARN_SUSPICIOUS_MOVE = YES;
				CLANG_WARN_UNGUARDED_AVAILABILITY = YES_AGGRESSIVE;
				CLANG_WARN_UNREACHABLE_CODE = YES;
				CLANG_WARN__DUPLICATE_METHOD_MATCH = YES;
				COPY_PHASE_STRIP = NO;
				DEBUG_INFORMATION_FORMAT = dwarf;
				ENABLE_STRICT_OBJC_MSGSEND = YES;
				ENABLE_TESTABILITY = YES;
				GCC_C_LANGUAGE_STANDARD = gnu11;
				GCC_DYNAMIC_NO_PIC = NO;
				GCC_NO_COMMON_BLOCKS = YES;
				GCC_OPTIMIZATION_LEVEL = 0;
				GCC_PREPROCESSOR_DEFINITIONS = (
					"DEBUG=1",
					"$(inherited)",
				);
				GCC_WARN_64_TO_32_BIT_CONVERSION = YES;
				GCC_WARN_ABOUT_RETURN_TYPE = YES_ERROR;
				GCC_WARN_UNDECLARED_SELECTOR = YES;
				GCC_WARN_UNINITIALIZED_AUTOS = YES_AGGRESSIVE;
				GCC_WARN_UNUSED_FUNCTION = YES;
				GCC_WARN_UNUSED_VARIABLE = YES;
				IPHONEOS_DEPLOYMENT_TARGET = 15.2;
				MTL_ENABLE_DEBUG_INFO = INCLUDE_SOURCE;
				MTL_FAST_MATH = YES;
				ONLY_ACTIVE_ARCH = YES;
				SDKROOT = iphoneos;
				SWIFT_ACTIVE_COMPILATION_CONDITIONS = DEBUG;
				SWIFT_OPTIMIZATION_LEVEL = "-Onone";
			};
			name = Debug;
		};
		A086C0A527D9B15300F06AAA /* Release */ = {
			isa = XCBuildConfiguration;
			buildSettings = {
				ALWAYS_SEARCH_USER_PATHS = NO;
				CLANG_ANALYZER_NONNULL = YES;
				CLANG_ANALYZER_NUMBER_OBJECT_CONVERSION = YES_AGGRESSIVE;
				CLANG_CXX_LANGUAGE_STANDARD = "gnu++17";
				CLANG_CXX_LIBRARY = "libc++";
				CLANG_ENABLE_MODULES = YES;
				CLANG_ENABLE_OBJC_ARC = YES;
				CLANG_ENABLE_OBJC_WEAK = YES;
				CLANG_WARN_BLOCK_CAPTURE_AUTORELEASING = YES;
				CLANG_WARN_BOOL_CONVERSION = YES;
				CLANG_WARN_COMMA = YES;
				CLANG_WARN_CONSTANT_CONVERSION = YES;
				CLANG_WARN_DEPRECATED_OBJC_IMPLEMENTATIONS = YES;
				CLANG_WARN_DIRECT_OBJC_ISA_USAGE = YES_ERROR;
				CLANG_WARN_DOCUMENTATION_COMMENTS = YES;
				CLANG_WARN_EMPTY_BODY = YES;
				CLANG_WARN_ENUM_CONVERSION = YES;
				CLANG_WARN_INFINITE_RECURSION = YES;
				CLANG_WARN_INT_CONVERSION = YES;
				CLANG_WARN_NON_LITERAL_NULL_CONVERSION = YES;
				CLANG_WARN_OBJC_IMPLICIT_RETAIN_SELF = YES;
				CLANG_WARN_OBJC_LITERAL_CONVERSION = YES;
				CLANG_WARN_OBJC_ROOT_CLASS = YES_ERROR;
				CLANG_WARN_QUOTED_INCLUDE_IN_FRAMEWORK_HEADER = YES;
				CLANG_WARN_RANGE_LOOP_ANALYSIS = YES;
				CLANG_WARN_STRICT_PROTOTYPES = YES;
				CLANG_WARN_SUSPICIOUS_MOVE = YES;
				CLANG_WARN_UNGUARDED_AVAILABILITY = YES_AGGRESSIVE;
				CLANG_WARN_UNREACHABLE_CODE = YES;
				CLANG_WARN__DUPLICATE_METHOD_MATCH = YES;
				COPY_PHASE_STRIP = NO;
				DEBUG_INFORMATION_FORMAT = "dwarf-with-dsym";
				ENABLE_NS_ASSERTIONS = NO;
				ENABLE_STRICT_OBJC_MSGSEND = YES;
				GCC_C_LANGUAGE_STANDARD = gnu11;
				GCC_NO_COMMON_BLOCKS = YES;
				GCC_WARN_64_TO_32_BIT_CONVERSION = YES;
				GCC_WARN_ABOUT_RETURN_TYPE = YES_ERROR;
				GCC_WARN_UNDECLARED_SELECTOR = YES;
				GCC_WARN_UNINITIALIZED_AUTOS = YES_AGGRESSIVE;
				GCC_WARN_UNUSED_FUNCTION = YES;
				GCC_WARN_UNUSED_VARIABLE = YES;
				IPHONEOS_DEPLOYMENT_TARGET = 15.2;
				MTL_ENABLE_DEBUG_INFO = NO;
				MTL_FAST_MATH = YES;
				SDKROOT = iphoneos;
				SWIFT_COMPILATION_MODE = wholemodule;
				SWIFT_OPTIMIZATION_LEVEL = "-O";
				VALIDATE_PRODUCT = YES;
			};
			name = Release;
		};
		A086C0A727D9B15300F06AAA /* Debug */ = {
			isa = XCBuildConfiguration;
			buildSettings = {
				ASSETCATALOG_COMPILER_APPICON_NAME = AppIcon;
				ASSETCATALOG_COMPILER_GLOBAL_ACCENT_COLOR_NAME = AccentColor;
				CODE_SIGN_STYLE = Automatic;
				CURRENT_PROJECT_VERSION = 1;
				DEVELOPMENT_ASSET_PATHS = "\"DateSmarter/Preview Content\"";
				DEVELOPMENT_TEAM = 3F97ZK7ZQ7;
				ENABLE_PREVIEWS = YES;
				GENERATE_INFOPLIST_FILE = YES;
				INFOPLIST_KEY_UIApplicationSceneManifest_Generation = YES;
				INFOPLIST_KEY_UIApplicationSupportsIndirectInputEvents = YES;
				INFOPLIST_KEY_UILaunchScreen_Generation = YES;
				INFOPLIST_KEY_UISupportedInterfaceOrientations_iPad = "UIInterfaceOrientationPortrait UIInterfaceOrientationPortraitUpsideDown UIInterfaceOrientationLandscapeLeft UIInterfaceOrientationLandscapeRight";
				INFOPLIST_KEY_UISupportedInterfaceOrientations_iPhone = "UIInterfaceOrientationPortrait UIInterfaceOrientationLandscapeLeft UIInterfaceOrientationLandscapeRight";
				LD_RUNPATH_SEARCH_PATHS = (
					"$(inherited)",
					"@executable_path/Frameworks",
				);
				MARKETING_VERSION = 1.0;
				PRODUCT_BUNDLE_IDENTIFIER = edu.fullerton.ecs.DateSmarter;
				PRODUCT_NAME = "$(TARGET_NAME)";
				SWIFT_EMIT_LOC_STRINGS = YES;
				SWIFT_VERSION = 5.0;
				TARGETED_DEVICE_FAMILY = "1,2";
			};
			name = Debug;
		};
		A086C0A827D9B15300F06AAA /* Release */ = {
			isa = XCBuildConfiguration;
			buildSettings = {
				ASSETCATALOG_COMPILER_APPICON_NAME = AppIcon;
				ASSETCATALOG_COMPILER_GLOBAL_ACCENT_COLOR_NAME = AccentColor;
				CODE_SIGN_STYLE = Automatic;
				CURRENT_PROJECT_VERSION = 1;
				DEVELOPMENT_ASSET_PATHS = "\"DateSmarter/Preview Content\"";
				DEVELOPMENT_TEAM = 3F97ZK7ZQ7;
				ENABLE_PREVIEWS = YES;
				GENERATE_INFOPLIST_FILE = YES;
				INFOPLIST_KEY_UIApplicationSceneManifest_Generation = YES;
				INFOPLIST_KEY_UIApplicationSupportsIndirectInputEvents = YES;
				INFOPLIST_KEY_UILaunchScreen_Generation = YES;
				INFOPLIST_KEY_UISupportedInterfaceOrientations_iPad = "UIInterfaceOrientationPortrait UIInterfaceOrientationPortraitUpsideDown UIInterfaceOrientationLandscapeLeft UIInterfaceOrientationLandscapeRight";
				INFOPLIST_KEY_UISupportedInterfaceOrientations_iPhone = "UIInterfaceOrientationPortrait UIInterfaceOrientationLandscapeLeft UIInterfaceOrientationLandscapeRight";
				LD_RUNPATH_SEARCH_PATHS = (
					"$(inherited)",
					"@executable_path/Frameworks",
				);
				MARKETING_VERSION = 1.0;
				PRODUCT_BUNDLE_IDENTIFIER = edu.fullerton.ecs.DateSmarter;
				PRODUCT_NAME = "$(TARGET_NAME)";
				SWIFT_EMIT_LOC_STRINGS = YES;
				SWIFT_VERSION = 5.0;
				TARGETED_DEVICE_FAMILY = "1,2";
			};
			name = Release;
		};
		A086C0AA27D9B15300F06AAA /* Debug */ = {
			isa = XCBuildConfiguration;
			buildSettings = {
				ALWAYS_EMBED_SWIFT_STANDARD_LIBRARIES = YES;
				BUNDLE_LOADER = "$(TEST_HOST)";
				CODE_SIGN_STYLE = Automatic;
				CURRENT_PROJECT_VERSION = 1;
				DEVELOPMENT_TEAM = 3F97ZK7ZQ7;
				GENERATE_INFOPLIST_FILE = YES;
				IPHONEOS_DEPLOYMENT_TARGET = 15.2;
				MARKETING_VERSION = 1.0;
				PRODUCT_BUNDLE_IDENTIFIER = edu.fullerton.ecs.DateSmarterTests;
				PRODUCT_NAME = "$(TARGET_NAME)";
				SWIFT_EMIT_LOC_STRINGS = NO;
				SWIFT_VERSION = 5.0;
				TARGETED_DEVICE_FAMILY = "1,2";
				TEST_HOST = "$(BUILT_PRODUCTS_DIR)/DateSmarter.app/DateSmarter";
			};
			name = Debug;
		};
		A086C0AB27D9B15300F06AAA /* Release */ = {
			isa = XCBuildConfiguration;
			buildSettings = {
				ALWAYS_EMBED_SWIFT_STANDARD_LIBRARIES = YES;
				BUNDLE_LOADER = "$(TEST_HOST)";
				CODE_SIGN_STYLE = Automatic;
				CURRENT_PROJECT_VERSION = 1;
				DEVELOPMENT_TEAM = 3F97ZK7ZQ7;
				GENERATE_INFOPLIST_FILE = YES;
				IPHONEOS_DEPLOYMENT_TARGET = 15.2;
				MARKETING_VERSION = 1.0;
				PRODUCT_BUNDLE_IDENTIFIER = edu.fullerton.ecs.DateSmarterTests;
				PRODUCT_NAME = "$(TARGET_NAME)";
				SWIFT_EMIT_LOC_STRINGS = NO;
				SWIFT_VERSION = 5.0;
				TARGETED_DEVICE_FAMILY = "1,2";
				TEST_HOST = "$(BUILT_PRODUCTS_DIR)/DateSmarter.app/DateSmarter";
			};
			name = Release;
		};
		A086C0AD27D9B15300F06AAA /* Debug */ = {
			isa = XCBuildConfiguration;
			buildSettings = {
				ALWAYS_EMBED_SWIFT_STANDARD_LIBRARIES = YES;
				CODE_SIGN_STYLE = Automatic;
				CURRENT_PROJECT_VERSION = 1;
				DEVELOPMENT_TEAM = 3F97ZK7ZQ7;
				GENERATE_INFOPLIST_FILE = YES;
				MARKETING_VERSION = 1.0;
				PRODUCT_BUNDLE_IDENTIFIER = edu.fullerton.ecs.DateSmarterUITests;
				PRODUCT_NAME = "$(TARGET_NAME)";
				SWIFT_EMIT_LOC_STRINGS = NO;
				SWIFT_VERSION = 5.0;
				TARGETED_DEVICE_FAMILY = "1,2";
				TEST_TARGET_NAME = DateSmarter;
			};
			name = Debug;
		};
		A086C0AE27D9B15300F06AAA /* Release */ = {
			isa = XCBuildConfiguration;
			buildSettings = {
				ALWAYS_EMBED_SWIFT_STANDARD_LIBRARIES = YES;
				CODE_SIGN_STYLE = Automatic;
				CURRENT_PROJECT_VERSION = 1;
				DEVELOPMENT_TEAM = 3F97ZK7ZQ7;
				GENERATE_INFOPLIST_FILE = YES;
				MARKETING_VERSION = 1.0;
				PRODUCT_BUNDLE_IDENTIFIER = edu.fullerton.ecs.DateSmarterUITests;
				PRODUCT_NAME = "$(TARGET_NAME)";
				SWIFT_EMIT_LOC_STRINGS = NO;
				SWIFT_VERSION = 5.0;
				TARGETED_DEVICE_FAMILY = "1,2";
				TEST_TARGET_NAME = DateSmarter;
			};
			name = Release;
		};
/* End XCBuildConfiguration section */

/* Begin XCConfigurationList section */
		A086C07D27D9B15100F06AAA /* Build configuration list for PBXProject "DateSmarter" */ = {
			isa = XCConfigurationList;
			buildConfigurations = (
				A086C0A427D9B15300F06AAA /* Debug */,
				A086C0A527D9B15300F06AAA /* Release */,
			);
			defaultConfigurationIsVisible = 0;
			defaultConfigurationName = Release;
		};
		A086C0A627D9B15300F06AAA /* Build configuration list for PBXNativeTarget "DateSmarter" */ = {
			isa = XCConfigurationList;
			buildConfigurations = (
				A086C0A727D9B15300F06AAA /* Debug */,
				A086C0A827D9B15300F06AAA /* Release */,
			);
			defaultConfigurationIsVisible = 0;
			defaultConfigurationName = Release;
		};
		A086C0A927D9B15300F06AAA /* Build configuration list for PBXNativeTarget "DateSmarterTests" */ = {
			isa = XCConfigurationList;
			buildConfigurations = (
				A086C0AA27D9B15300F06AAA /* Debug */,
				A086C0AB27D9B15300F06AAA /* Release */,
			);
			defaultConfigurationIsVisible = 0;
			defaultConfigurationName = Release;
		};
		A086C0AC27D9B15300F06AAA /* Build configuration list for PBXNativeTarget "DateSmarterUITests" */ = {
			isa = XCConfigurationList;
			buildConfigurations = (
				A086C0AD27D9B15300F06AAA /* Debug */,
				A086C0AE27D9B15300F06AAA /* Release */,
			);
			defaultConfigurationIsVisible = 0;
			defaultConfigurationName = Release;
		};
/* End XCConfigurationList section */
	};
	rootObject = A086C07A27D9B15100F06AAA /* Project object */;
}
